
Microsoft Visual Studio Solution File, Format Version 12.00
Project("{FAE04EC0-301F-11D3-BF4B-00C04F79EFBC}") = "APBD-PJATK-Cw6-s33133", "APBD-PJATK-Cw6-s33133\APBD-PJATK-Cw6-s33133.csproj", "{8050B5A4-5136-42C6-A6C9-97539A0D98DB}"
EndProject
Global
	GlobalSection(SolutionConfigurationPlatforms) = preSolution
		Debug|Any CPU = Debug|Any CPU
		Release|Any CPU = Release|Any CPU
	EndGlobalSection
	GlobalSection(ProjectConfigurationPlatforms) = postSolution
		{8050B5A4-5136-42C6-A6C9-97539A0D98DB}.Debug|Any CPU.ActiveCfg = Debug|Any CPU
		{8050B5A4-5136-42C6-A6C9-97539A0D98DB}.Debug|Any CPU.Build.0 = Debug|Any CPU
		{8050B5A4-5136-42C6-A6C9-97539A0D98DB}.Release|Any CPU.ActiveCfg = Release|Any CPU
		{8050B5A4-5136-42C6-A6C9-97539A0D98DB}.Release|Any CPU.Build.0 = Release|Any CPU
	EndGlobalSection
EndGlobal
